
Microsoft Visual Studio Solution File, Format Version 12.00
# Visual Studio Version 16
VisualStudioVersion = 16.0.30114.105
MinimumVisualStudioVersion = 10.0.40219.1
Project("{FAE04EC0-301F-11D3-BF4B-00C04F79EFBC}") = "MyLinks.API", "MyLinks.API\MyLinks.API.csproj", "{D9BC6703-4374-49DE-982A-4DC2FDBB8518}"
EndProject
Project("{FAE04EC0-301F-11D3-BF4B-00C04F79EFBC}") = "MyLinks.Domain", "MyLinks.Domain\MyLinks.Domain.csproj", "{0F8774D0-3FB6-45FB-9906-9C8281FFB182}"
EndProject
Project("{FAE04EC0-301F-11D3-BF4B-00C04F79EFBC}") = "MyLinks.Repository", "MyLinks.Repository\MyLinks.Repository.csproj", "{DB949C01-8CFC-49F4-994A-433F76B66230}"
EndProject
Global
	GlobalSection(SolutionConfigurationPlatforms) = preSolution
		Debug|Any CPU = Debug|Any CPU
		Debug|x64 = Debug|x64
		Debug|x86 = Debug|x86
		Release|Any CPU = Release|Any CPU
		Release|x64 = Release|x64
		Release|x86 = Release|x86
	EndGlobalSection
	GlobalSection(SolutionProperties) = preSolution
		HideSolutionNode = FALSE
	EndGlobalSection
	GlobalSection(ProjectConfigurationPlatforms) = postSolution
		{D9BC6703-4374-49DE-982A-4DC2FDBB8518}.Debug|Any CPU.ActiveCfg = Debug|Any CPU
		{D9BC6703-4374-49DE-982A-4DC2FDBB8518}.Debug|Any CPU.Build.0 = Debug|Any CPU
		{D9BC6703-4374-49DE-982A-4DC2FDBB8518}.Debug|x64.ActiveCfg = Debug|Any CPU
		{D9BC6703-4374-49DE-982A-4DC2FDBB8518}.Debug|x64.Build.0 = Debug|Any CPU
		{D9BC6703-4374-49DE-982A-4DC2FDBB8518}.Debug|x86.ActiveCfg = Debug|Any CPU
		{D9BC6703-4374-49DE-982A-4DC2FDBB8518}.Debug|x86.Build.0 = Debug|Any CPU
		{D9BC6703-4374-49DE-982A-4DC2FDBB8518}.Release|Any CPU.ActiveCfg = Release|Any CPU
		{D9BC6703-4374-49DE-982A-4DC2FDBB8518}.Release|Any CPU.Build.0 = Release|Any CPU
		{D9BC6703-4374-49DE-982A-4DC2FDBB8518}.Release|x64.ActiveCfg = Release|Any CPU
		{D9BC6703-4374-49DE-982A-4DC2FDBB8518}.Release|x64.Build.0 = Release|Any CPU
		{D9BC6703-4374-49DE-982A-4DC2FDBB8518}.Release|x86.ActiveCfg = Release|Any CPU
		{D9BC6703-4374-49DE-982A-4DC2FDBB8518}.Release|x86.Build.0 = Release|Any CPU
		{0F8774D0-3FB6-45FB-9906-9C8281FFB182}.Debug|Any CPU.ActiveCfg = Debug|Any CPU
		{0F8774D0-3FB6-45FB-9906-9C8281FFB182}.Debug|Any CPU.Build.0 = Debug|Any CPU
		{0F8774D0-3FB6-45FB-9906-9C8281FFB182}.Debug|x64.ActiveCfg = Debug|Any CPU
		{0F8774D0-3FB6-45FB-9906-9C8281FFB182}.Debug|x64.Build.0 = Debug|Any CPU
		{0F8774D0-3FB6-45FB-9906-9C8281FFB182}.Debug|x86.ActiveCfg = Debug|Any CPU
		{0F8774D0-3FB6-45FB-9906-9C8281FFB182}.Debug|x86.Build.0 = Debug|Any CPU
		{0F8774D0-3FB6-45FB-9906-9C8281FFB182}.Release|Any CPU.ActiveCfg = Release|Any CPU
		{0F8774D0-3FB6-45FB-9906-9C8281FFB182}.Release|Any CPU.Build.0 = Release|Any CPU
		{0F8774D0-3FB6-45FB-9906-9C8281FFB182}.Release|x64.ActiveCfg = Release|Any CPU
		{0F8774D0-3FB6-45FB-9906-9C8281FFB182}.Release|x64.Build.0 = Release|Any CPU
		{0F8774D0-3FB6-45FB-9906-9C8281FFB182}.Release|x86.ActiveCfg = Release|Any CPU
		{0F8774D0-3FB6-45FB-9906-9C8281FFB182}.Release|x86.Build.0 = Release|Any CPU
		{DB949C01-8CFC-49F4-994A-433F76B66230}.Debug|Any CPU.ActiveCfg = Debug|Any CPU
		{DB949C01-8CFC-49F4-994A-433F76B66230}.Debug|Any CPU.Build.0 = Debug|Any CPU
		{DB949C01-8CFC-49F4-994A-433F76B66230}.Debug|x64.ActiveCfg = Debug|Any CPU
		{DB949C01-8CFC-49F4-994A-433F76B66230}.Debug|x64.Build.0 = Debug|Any CPU
		{DB949C01-8CFC-49F4-994A-433F76B66230}.Debug|x86.ActiveCfg = Debug|Any CPU
		{DB949C01-8CFC-49F4-994A-433F76B66230}.Debug|x86.Build.0 = Debug|Any CPU
		{DB949C01-8CFC-49F4-994A-433F76B66230}.Release|Any CPU.ActiveCfg = Release|Any CPU
		{DB949C01-8CFC-49F4-994A-433F76B66230}.Release|Any CPU.Build.0 = Release|Any CPU
		{DB949C01-8CFC-49F4-994A-433F76B66230}.Release|x64.ActiveCfg = Release|Any CPU
		{DB949C01-8CFC-49F4-994A-433F76B66230}.Release|x64.Build.0 = Release|Any CPU
		{DB949C01-8CFC-49F4-994A-433F76B66230}.Release|x86.ActiveCfg = Release|Any CPU
		{DB949C01-8CFC-49F4-994A-433F76B66230}.Release|x86.Build.0 = Release|Any CPU
	EndGlobalSection
EndGlobal
